# THIS IS AN AUTOGENERATED FILE. DO NOT EDIT THIS FILE DIRECTLY.
# yarn lockfile v1


"@tsconfig/recommended@^1.0.1":
  version "1.0.1"
  resolved "https://registry.yarnpkg.com/@tsconfig/recommended/-/recommended-1.0.1.tgz#7619bad397e06ead1c5182926c944e0ca6177f52"
  integrity sha512-2xN+iGTbPBEzGSnVp/Hd64vKJCJWxsi9gfs88x4PPMyEjHJoA3o5BY9r5OLPHIZU2pAQxkSAsJFqn6itClP8mQ==

"@types/node@^14":
  version "14.18.12"
  resolved "https://registry.yarnpkg.com/@types/node/-/node-14.18.12.tgz#0d4557fd3b94497d793efd4e7d92df2f83b4ef24"
  integrity sha512-q4jlIR71hUpWTnGhXWcakgkZeHa3CCjcQcnuzU8M891BAWA2jHiziiWEPEkdS5pFsz7H9HJiy8BrK7tBRNrY7A==

prettier@^2.5.1:
  version "2.5.1"
  resolved "https://registry.yarnpkg.com/prettier/-/prettier-2.5.1.tgz#fff75fa9d519c54cf0fce328c1017d94546bc56a"
  integrity sha512-vBZcPRUR5MZJwoyi3ZoyQlc1rXeEck8KgeC9AwwOn+exuxLxq5toTRDTSaVrXHxelDMHy9zlicw8u66yxoSUFg==

tslib@^2.3.1:
  version "2.3.1"
  resolved "https://registry.yarnpkg.com/tslib/-/tslib-2.3.1.tgz#e8a335add5ceae51aa261d32a490158ef042ef01"
  integrity sha512-77EbyPPpMz+FRFRuAFlWMtmgUWGe9UOG2Z25NqCwiIjRhOf5iKGuzSe5P2w1laq+FkRy4p+PCuVkJSGkzTEKVw==

turbo-darwin-64@1.1.5:
  version "1.1.5"
  resolved "https://registry.yarnpkg.com/turbo-darwin-64/-/turbo-darwin-64-1.1.5.tgz#7800af2d0a20df5ff674a8a6fb96d32957d11f48"
  integrity sha512-qdGMylQ408NmYhzuMmx+25W0iHFyFMRPO4579tDEv+WBiVDfAEYEzjajE4c+CQOLhd1aVEaPdSa+YhngQUgoDQ==

turbo-darwin-arm64@1.1.5:
  version "1.1.5"
  resolved "https://registry.yarnpkg.com/turbo-darwin-arm64/-/turbo-darwin-arm64-1.1.5.tgz#d70a9b791c1d2a930f1ac49fdf4ab6728b19fa7b"
  integrity sha512-mXU324d3vYzxRT9FSSkW9yG2BvFosd0f4DUvqy4qms8wzM6Yv9Aeo4zZTL86rF88UYGUkbiRaPQUeceb/QARVg==

turbo-freebsd-64@1.1.5:
  version "1.1.5"
  resolved "https://registry.yarnpkg.com/turbo-freebsd-64/-/turbo-freebsd-64-1.1.5.tgz#39808f38d6af1400dd3bad0531c18444d9df9eab"
  integrity sha512-qjjPTnZKOxw2x1Ito3yZAYDcwsCEg/5kYJwbPVvDn1jyXoxr3pUxTHUohroxQ6EmyxQ28qL7QpCVWDoQpDwrOQ==

turbo-freebsd-arm64@1.1.5:
  version "1.1.5"
  resolved "https://registry.yarnpkg.com/turbo-freebsd-arm64/-/turbo-freebsd-arm64-1.1.5.tgz#91b3b71b7a34d9845179cc8d6bdc5c28de252885"
  integrity sha512-jYW+Th9Y6yEYevaFe7v3lFQoxyrpd8wX5KuuvqLazMRbNxvKgqTDmT7AbCOGJY5ejzqGnMlTGkQr8c3g3B8ndA==

turbo-linux-32@1.1.5:
  version "1.1.5"
  resolved "https://registry.yarnpkg.com/turbo-linux-32/-/turbo-linux-32-1.1.5.tgz#9fc0970d2aa20871e9541f3d7d228c5c81b4b853"
  integrity sha512-c5I8tdR1jD8L8pJWk+rlO734bpWI1gwGdvNOaA/IGZxzOfDSn4CGoUErnUPgOadT8azi7lT9UPQf/pLfEvjCOw==

turbo-linux-64@1.1.5:
  version "1.1.5"
  resolved "https://registry.yarnpkg.com/turbo-linux-64/-/turbo-linux-64-1.1.5.tgz#2bb481bf0634b4ad578752cfb6f81fbbc2794568"
  integrity sha512-BZAxLfIkEtQa7u+VPYpdeVVJH6ab4WwXv4oCrUDaZf2BseDUxr57y2ASAWNFsg40T3oXXt4Kcbdc5LibjWQdtQ==

turbo-linux-arm64@1.1.5:
  version "1.1.5"
  resolved "https://registry.yarnpkg.com/turbo-linux-arm64/-/turbo-linux-arm64-1.1.5.tgz#bb4ad4ba101d72363d6b191c8a6f4de84631aeea"
  integrity sha512-8/yz5L0B6Jb0pNcvx/08LcPswizqggxQ0zlFEw+Oh9RAC+ZM5+X2YiMyKolvLCpkoRqrlKku0lmXH7mx6DWbig==

turbo-linux-arm@1.1.5:
  version "1.1.5"
  resolved "https://registry.yarnpkg.com/turbo-linux-arm/-/turbo-linux-arm-1.1.5.tgz#ba321a3b6086a0e633cff41c1a1312245240abe9"
  integrity sha512-X6J05gQSWTc2c/TCkOQdFLhr35pUjEExY6K8yanYs2QKgd4GvDHmxYaBZ+6f90qcIUHYpe++adDPJcuAUv+8ug==

turbo-linux-mips64le@1.1.5:
  version "1.1.5"
  resolved "https://registry.yarnpkg.com/turbo-linux-mips64le/-/turbo-linux-mips64le-1.1.5.tgz#70f544e38317a536170636dfef1f68e9ebae7746"
  integrity sha512-K26bEFcLDGPkcaW7Eq4CMSxUbJf/x58aE92+0tONhrxXzamaBqTrSxPYlk/T8OoH7HxOvja2ctkpeI/NRAoIyw==

turbo-linux-ppc64le@1.1.5:
  version "1.1.5"
  resolved "https://registry.yarnpkg.com/turbo-linux-ppc64le/-/turbo-linux-ppc64le-1.1.5.tgz#2a6c8bda8a61d1c09a7bb95942a285c4f6cf9cba"
  integrity sha512-fr1/5yf8fe1BJiW/6Y9lmV+kxZZC3u3xvSBC5AXDSl9u3aJFZl96CRE9tOJbTZMaOVGxhplKD+EiHbjIxUnTrA==

turbo-windows-32@1.1.5:
  version "1.1.5"
  resolved "https://registry.yarnpkg.com/turbo-windows-32/-/turbo-windows-32-1.1.5.tgz#3606e5b860e8d6c33f7dc6fa12ed7414d4862f20"
  integrity sha512-K9LdIgQXJ7jL0aLJS0l2asJAH/vYBFP7qFzODiAcJ1EeKBjYqAVnIxFQrUN07lzNDtL9WK/aN5q0bJCDnhwTQw==

turbo-windows-64@1.1.5:
  version "1.1.5"
  resolved "https://registry.yarnpkg.com/turbo-windows-64/-/turbo-windows-64-1.1.5.tgz#aeeef0d598b8d1c17170a676a29b2ff0839d0069"
  integrity sha512-c2Jkmw8yGZVz4opzEvB5HAf9XkA8CZBnorie46s44ec0FaNbcP9SCuUNvgAHxqDIHTGWC4A5PoPn0owkD3ss6A==

turbo@^1.1.5:
  version "1.1.5"
  resolved "https://registry.yarnpkg.com/turbo/-/turbo-1.1.5.tgz#2ca8a1bcfd9de4c59feaff022672ffd2c4fbc4b4"
  integrity sha512-jXW8G4lr01/E/jS/66LYpEjwWFQAksC8TxR8gi3VGea7OeNj28l8zmXoY3IgT5H22MBnhmtOKV/GhsbPjI2Jrg==
  optionalDependencies:
    turbo-darwin-64 "1.1.5"
    turbo-darwin-arm64 "1.1.5"
    turbo-freebsd-64 "1.1.5"
    turbo-freebsd-arm64 "1.1.5"
    turbo-linux-32 "1.1.5"
    turbo-linux-64 "1.1.5"
    turbo-linux-arm "1.1.5"
    turbo-linux-arm64 "1.1.5"
    turbo-linux-mips64le "1.1.5"
    turbo-linux-ppc64le "1.1.5"
    turbo-windows-32 "1.1.5"
    turbo-windows-64 "1.1.5"

typescript@^4.6.2:
  version "4.6.2"
  resolved "https://registry.yarnpkg.com/typescript/-/typescript-4.6.2.tgz#fe12d2727b708f4eef40f51598b3398baa9611d4"
  integrity sha512-HM/hFigTBHZhLXshn9sN37H085+hQGeJHJ/X7LpBWLID/fbc2acUMfU+lGD98X81sKP+pFa9f0DZmCwB9GnbAg==
